
Microsoft Visual Studio Solution File, Format Version 12.00
# Visual Studio Version 17
VisualStudioVersion = 17.5.002.0
MinimumVisualStudioVersion = 10.0.40219.1
Project("{9A19103F-16F7-4668-BE54-9A1E7A4F7556}") = "calculo-cigarros", "calculo-cigarros.csproj", "{6C42A2FA-4408-4E4B-9AC8-6C751FD3D16B}"
EndProject
Global
	GlobalSection(SolutionConfigurationPlatforms) = preSolution
		Debug|Any CPU = Debug|Any CPU
		Release|Any CPU = Release|Any CPU
	EndGlobalSection
	GlobalSection(ProjectConfigurationPlatforms) = postSolution
		{6C42A2FA-4408-4E4B-9AC8-6C751FD3D16B}.Debug|Any CPU.ActiveCfg = Debug|Any CPU
		{6C42A2FA-4408-4E4B-9AC8-6C751FD3D16B}.Debug|Any CPU.Build.0 = Debug|Any CPU
		{6C42A2FA-4408-4E4B-9AC8-6C751FD3D16B}.Release|Any CPU.ActiveCfg = Release|Any CPU
		{6C42A2FA-4408-4E4B-9AC8-6C751FD3D16B}.Release|Any CPU.Build.0 = Release|Any CPU
	EndGlobalSection
	GlobalSection(SolutionProperties) = preSolution
		HideSolutionNode = FALSE
	EndGlobalSection
	GlobalSection(ExtensibilityGlobals) = postSolution
		SolutionGuid = {2BCF5D52-42E6-4D50-B931-1E492D17BCBB}
	EndGlobalSection
EndGlobal
